
Microsoft Visual Studio Solution File, Format Version 12.00
# Visual Studio Version 17
VisualStudioVersion = 17.3.32929.385
MinimumVisualStudioVersion = 10.0.40219.1
Project("{FAE04EC0-301F-11D3-BF4B-00C04F79EFBC}") = "functionsApp", "functionsApp\functionsApp.csproj", "{628868F5-4C7C-4FE3-AAF3-42C507E338C9}"
EndProject
Global
	GlobalSection(SolutionConfigurationPlatforms) = preSolution
		Debug|Any CPU = Debug|Any CPU
		Release|Any CPU = Release|Any CPU
	EndGlobalSection
	GlobalSection(ProjectConfigurationPlatforms) = postSolution
		{628868F5-4C7C-4FE3-AAF3-42C507E338C9}.Debug|Any CPU.ActiveCfg = Debug|Any CPU
		{628868F5-4C7C-4FE3-AAF3-42C507E338C9}.Debug|Any CPU.Build.0 = Debug|Any CPU
		{628868F5-4C7C-4FE3-AAF3-42C507E338C9}.Release|Any CPU.ActiveCfg = Release|Any CPU
		{628868F5-4C7C-4FE3-AAF3-42C507E338C9}.Release|Any CPU.Build.0 = Release|Any CPU
	EndGlobalSection
	GlobalSection(SolutionProperties) = preSolution
		HideSolutionNode = FALSE
	EndGlobalSection
	GlobalSection(ExtensibilityGlobals) = postSolution
		SolutionGuid = {A5C990C8-BA07-4F1D-B6B6-78B18553100F}
	EndGlobalSection
EndGlobal
